// !$*UTF8*$!
{
	archiveVersion = 1;
	classes = {
	};
	objectVersion = 50;
	objects = {

/* Begin PBXBuildFile section */
		6180001E26C5390400C98095 /* AppDelegate.swift in Sources */ = {isa = PBXBuildFile; fileRef = 6180001D26C5390400C98095 /* AppDelegate.swift */; };
		6180002026C5390400C98095 /* SceneDelegate.swift in Sources */ = {isa = PBXBuildFile; fileRef = 6180001F26C5390400C98095 /* SceneDelegate.swift */; };
		6180002226C5390400C98095 /* GoSViewController.swift in Sources */ = {isa = PBXBuildFile; fileRef = 6180002126C5390400C98095 /* GoSViewController.swift */; };
		6180002526C5390400C98095 /* Main.storyboard in Resources */ = {isa = PBXBuildFile; fileRef = 6180002326C5390400C98095 /* Main.storyboard */; };
		6180002726C5390700C98095 /* Assets.xcassets in Resources */ = {isa = PBXBuildFile; fileRef = 6180002626C5390700C98095 /* Assets.xcassets */; };
		6180002A26C5390700C98095 /* LaunchScreen.storyboard in Resources */ = {isa = PBXBuildFile; fileRef = 6180002826C5390700C98095 /* LaunchScreen.storyboard */; };
		6180003526C5390800C98095 /* GameOfLife_GoSTests.swift in Sources */ = {isa = PBXBuildFile; fileRef = 6180003426C5390800C98095 /* GameOfLife_GoSTests.swift */; };
		6180004026C5390800C98095 /* GameOfLife_GoSUITests.swift in Sources */ = {isa = PBXBuildFile; fileRef = 6180003F26C5390800C98095 /* GameOfLife_GoSUITests.swift */; };
		6180005026C5464E00C98095 /* LifePointCollectionViewCell.swift in Sources */ = {isa = PBXBuildFile; fileRef = 6180004F26C5464E00C98095 /* LifePointCollectionViewCell.swift */; };
		6180005326C56DDF00C98095 /* CellModel.swift in Sources */ = {isa = PBXBuildFile; fileRef = 6180005226C56DDF00C98095 /* CellModel.swift */; };
		6180005526C56DFC00C98095 /* GameState.swift in Sources */ = {isa = PBXBuildFile; fileRef = 6180005426C56DFC00C98095 /* GameState.swift */; };
		6180005726C56E2800C98095 /* Game.swift in Sources */ = {isa = PBXBuildFile; fileRef = 6180005626C56E2800C98095 /* Game.swift */; };
/* End PBXBuildFile section */

/* Begin PBXContainerItemProxy section */
		6180003126C5390800C98095 /* PBXContainerItemProxy */ = {
			isa = PBXContainerItemProxy;
			containerPortal = 6180001226C5390400C98095 /* Project object */;
			proxyType = 1;
			remoteGlobalIDString = 6180001926C5390400C98095;
			remoteInfo = "GameOfLife-GoS";
		};
		6180003C26C5390800C98095 /* PBXContainerItemProxy */ = {
			isa = PBXContainerItemProxy;
			containerPortal = 6180001226C5390400C98095 /* Project object */;
			proxyType = 1;
			remoteGlobalIDString = 6180001926C5390400C98095;
			remoteInfo = "GameOfLife-GoS";
		};
/* End PBXContainerItemProxy section */

/* Begin PBXFileReference section */
		6180001A26C5390400C98095 /* GameOfLife-GoS.app */ = {isa = PBXFileReference; explicitFileType = wrapper.application; includeInIndex = 0; path = "GameOfLife-GoS.app"; sourceTree = BUILT_PRODUCTS_DIR; };
		6180001D26C5390400C98095 /* AppDelegate.swift */ = {isa = PBXFileReference; lastKnownFileType = sourcecode.swift; path = AppDelegate.swift; sourceTree = "<group>"; };
		6180001F26C5390400C98095 /* SceneDelegate.swift */ = {isa = PBXFileReference; lastKnownFileType = sourcecode.swift; path = SceneDelegate.swift; sourceTree = "<group>"; };
		6180002126C5390400C98095 /* GoSViewController.swift */ = {isa = PBXFileReference; lastKnownFileType = sourcecode.swift; path = GoSViewController.swift; sourceTree = "<group>"; };
		6180002426C5390400C98095 /* Base */ = {isa = PBXFileReference; lastKnownFileType = file.storyboard; name = Base; path = Base.lproj/Main.storyboard; sourceTree = "<group>"; };
		6180002626C5390700C98095 /* Assets.xcassets */ = {isa = PBXFileReference; lastKnownFileType = folder.assetcatalog; path = Assets.xcassets; sourceTree = "<group>"; };
		6180002926C5390700C98095 /* Base */ = {isa = PBXFileReference; lastKnownFileType = file.storyboard; name = Base; path = Base.lproj/LaunchScreen.storyboard; sourceTree = "<group>"; };
		6180002B26C5390700C98095 /* Info.plist */ = {isa = PBXFileReference; lastKnownFileType = text.plist.xml; path = Info.plist; sourceTree = "<group>"; };
		6180003026C5390800C98095 /* GameOfLife-GoSTests.xctest */ = {isa = PBXFileReference; explicitFileType = wrapper.cfbundle; includeInIndex = 0; path = "GameOfLife-GoSTests.xctest"; sourceTree = BUILT_PRODUCTS_DIR; };
		6180003426C5390800C98095 /* GameOfLife_GoSTests.swift */ = {isa = PBXFileReference; lastKnownFileType = sourcecode.swift; path = GameOfLife_GoSTests.swift; sourceTree = "<group>"; };
		6180003626C5390800C98095 /* Info.plist */ = {isa = PBXFileReference; lastKnownFileType = text.plist.xml; path = Info.plist; sourceTree = "<group>"; };
		6180003B26C5390800C98095 /* GameOfLife-GoSUITests.xctest */ = {isa = PBXFileReference; explicitFileType = wrapper.cfbundle; includeInIndex = 0; path = "GameOfLife-GoSUITests.xctest"; sourceTree = BUILT_PRODUCTS_DIR; };
		6180003F26C5390800C98095 /* GameOfLife_GoSUITests.swift */ = {isa = PBXFileReference; lastKnownFileType = sourcecode.swift; path = GameOfLife_GoSUITests.swift; sourceTree = "<group>"; };
		6180004126C5390800C98095 /* Info.plist */ = {isa = PBXFileReference; lastKnownFileType = text.plist.xml; path = Info.plist; sourceTree = "<group>"; };
		6180004F26C5464E00C98095 /* LifePointCollectionViewCell.swift */ = {isa = PBXFileReference; lastKnownFileType = sourcecode.swift; path = LifePointCollectionViewCell.swift; sourceTree = "<group>"; };
		6180005226C56DDF00C98095 /* CellModel.swift */ = {isa = PBXFileReference; lastKnownFileType = sourcecode.swift; path = CellModel.swift; sourceTree = "<group>"; };
		6180005426C56DFC00C98095 /* GameState.swift */ = {isa = PBXFileReference; lastKnownFileType = sourcecode.swift; path = GameState.swift; sourceTree = "<group>"; };
		6180005626C56E2800C98095 /* Game.swift */ = {isa = PBXFileReference; lastKnownFileType = sourcecode.swift; path = Game.swift; sourceTree = "<group>"; };
/* End PBXFileReference section */

/* Begin PBXFrameworksBuildPhase section */
		6180001726C5390400C98095 /* Frameworks */ = {
			isa = PBXFrameworksBuildPhase;
			buildActionMask = 2147483647;
			files = (
			);
			runOnlyForDeploymentPostprocessing = 0;
		};
		6180002D26C5390800C98095 /* Frameworks */ = {
			isa = PBXFrameworksBuildPhase;
			buildActionMask = 2147483647;
			files = (
			);
			runOnlyForDeploymentPostprocessing = 0;
		};
		6180003826C5390800C98095 /* Frameworks */ = {
			isa = PBXFrameworksBuildPhase;
			buildActionMask = 2147483647;
			files = (
			);
			runOnlyForDeploymentPostprocessing = 0;
		};
/* End PBXFrameworksBuildPhase section */

/* Begin PBXGroup section */
		6180001126C5390400C98095 = {
			isa = PBXGroup;
			children = (
				6180001C26C5390400C98095 /* GameOfLife-GoS */,
				6180003326C5390800C98095 /* GameOfLife-GoSTests */,
				6180003E26C5390800C98095 /* GameOfLife-GoSUITests */,
				6180001B26C5390400C98095 /* Products */,
			);
			sourceTree = "<group>";
		};
		6180001B26C5390400C98095 /* Products */ = {
			isa = PBXGroup;
			children = (
				6180001A26C5390400C98095 /* GameOfLife-GoS.app */,
				6180003026C5390800C98095 /* GameOfLife-GoSTests.xctest */,
				6180003B26C5390800C98095 /* GameOfLife-GoSUITests.xctest */,
			);
			name = Products;
			sourceTree = "<group>";
		};
		6180001C26C5390400C98095 /* GameOfLife-GoS */ = {
			isa = PBXGroup;
			children = (
				6180002126C5390400C98095 /* GoSViewController.swift */,
				6180004F26C5464E00C98095 /* LifePointCollectionViewCell.swift */,
				6180005126C56DC600C98095 /* Models */,
				6180004E26C539F600C98095 /* Storyboards */,
				6180004D26C539C400C98095 /* Supporting Files */,
				6180002B26C5390700C98095 /* Info.plist */,
			);
			path = "GameOfLife-GoS";
			sourceTree = "<group>";
		};
		6180003326C5390800C98095 /* GameOfLife-GoSTests */ = {
			isa = PBXGroup;
			children = (
				6180003426C5390800C98095 /* GameOfLife_GoSTests.swift */,
				6180003626C5390800C98095 /* Info.plist */,
			);
			path = "GameOfLife-GoSTests";
			sourceTree = "<group>";
		};
		6180003E26C5390800C98095 /* GameOfLife-GoSUITests */ = {
			isa = PBXGroup;
			children = (
				6180003F26C5390800C98095 /* GameOfLife_GoSUITests.swift */,
				6180004126C5390800C98095 /* Info.plist */,
			);
			path = "GameOfLife-GoSUITests";
			sourceTree = "<group>";
		};
		6180004D26C539C400C98095 /* Supporting Files */ = {
			isa = PBXGroup;
			children = (
				6180001D26C5390400C98095 /* AppDelegate.swift */,
				6180001F26C5390400C98095 /* SceneDelegate.swift */,
				6180002626C5390700C98095 /* Assets.xcassets */,
			);
			path = "Supporting Files";
			sourceTree = "<group>";
		};
		6180004E26C539F600C98095 /* Storyboards */ = {
			isa = PBXGroup;
			children = (
				6180002326C5390400C98095 /* Main.storyboard */,
				6180002826C5390700C98095 /* LaunchScreen.storyboard */,
			);
			path = Storyboards;
			sourceTree = "<group>";
		};
		6180005126C56DC600C98095 /* Models */ = {
			isa = PBXGroup;
			children = (
				6180005226C56DDF00C98095 /* CellModel.swift */,
				6180005426C56DFC00C98095 /* GameState.swift */,
				6180005626C56E2800C98095 /* Game.swift */,
			);
			path = Models;
			sourceTree = "<group>";
		};
/* End PBXGroup section */

/* Begin PBXNativeTarget section */
		6180001926C5390400C98095 /* GameOfLife-GoS */ = {
			isa = PBXNativeTarget;
			buildConfigurationList = 6180004426C5390800C98095 /* Build configuration list for PBXNativeTarget "GameOfLife-GoS" */;
			buildPhases = (
				6180001626C5390400C98095 /* Sources */,
				6180001726C5390400C98095 /* Frameworks */,
				6180001826C5390400C98095 /* Resources */,
			);
			buildRules = (
			);
			dependencies = (
			);
			name = "GameOfLife-GoS";
			productName = "GameOfLife-GoS";
			productReference = 6180001A26C5390400C98095 /* GameOfLife-GoS.app */;
			productType = "com.apple.product-type.application";
		};
		6180002F26C5390800C98095 /* GameOfLife-GoSTests */ = {
			isa = PBXNativeTarget;
			buildConfigurationList = 6180004726C5390800C98095 /* Build configuration list for PBXNativeTarget "GameOfLife-GoSTests" */;
			buildPhases = (
				6180002C26C5390800C98095 /* Sources */,
				6180002D26C5390800C98095 /* Frameworks */,
				6180002E26C5390800C98095 /* Resources */,
			);
			buildRules = (
			);
			dependencies = (
				6180003226C5390800C98095 /* PBXTargetDependency */,
			);
			name = "GameOfLife-GoSTests";
			productName = "GameOfLife-GoSTests";
			productReference = 6180003026C5390800C98095 /* GameOfLife-GoSTests.xctest */;
			productType = "com.apple.product-type.bundle.unit-test";
		};
		6180003A26C5390800C98095 /* GameOfLife-GoSUITests */ = {
			isa = PBXNativeTarget;
			buildConfigurationList = 6180004A26C5390800C98095 /* Build configuration list for PBXNativeTarget "GameOfLife-GoSUITests" */;
			buildPhases = (
				6180003726C5390800C98095 /* Sources */,
				6180003826C5390800C98095 /* Frameworks */,
				6180003926C5390800C98095 /* Resources */,
			);
			buildRules = (
			);
			dependencies = (
				6180003D26C5390800C98095 /* PBXTargetDependency */,
			);
			name = "GameOfLife-GoSUITests";
			productName = "GameOfLife-GoSUITests";
			productReference = 6180003B26C5390800C98095 /* GameOfLife-GoSUITests.xctest */;
			productType = "com.apple.product-type.bundle.ui-testing";
		};
/* End PBXNativeTarget section */

/* Begin PBXProject section */
		6180001226C5390400C98095 /* Project object */ = {
			isa = PBXProject;
			attributes = {
				LastSwiftUpdateCheck = 1250;
				LastUpgradeCheck = 1250;
				TargetAttributes = {
					6180001926C5390400C98095 = {
						CreatedOnToolsVersion = 12.5;
					};
					6180002F26C5390800C98095 = {
						CreatedOnToolsVersion = 12.5;
						TestTargetID = 6180001926C5390400C98095;
					};
					6180003A26C5390800C98095 = {
						CreatedOnToolsVersion = 12.5;
						TestTargetID = 6180001926C5390400C98095;
					};
				};
			};
			buildConfigurationList = 6180001526C5390400C98095 /* Build configuration list for PBXProject "GameOfLife-GoS" */;
			compatibilityVersion = "Xcode 9.3";
			developmentRegion = en;
			hasScannedForEncodings = 0;
			knownRegions = (
				en,
				Base,
			);
			mainGroup = 6180001126C5390400C98095;
			productRefGroup = 6180001B26C5390400C98095 /* Products */;
			projectDirPath = "";
			projectRoot = "";
			targets = (
				6180001926C5390400C98095 /* GameOfLife-GoS */,
				6180002F26C5390800C98095 /* GameOfLife-GoSTests */,
				6180003A26C5390800C98095 /* GameOfLife-GoSUITests */,
			);
		};
/* End PBXProject section */

/* Begin PBXResourcesBuildPhase section */
		6180001826C5390400C98095 /* Resources */ = {
			isa = PBXResourcesBuildPhase;
			buildActionMask = 2147483647;
			files = (
				6180002A26C5390700C98095 /* LaunchScreen.storyboard in Resources */,
				6180002726C5390700C98095 /* Assets.xcassets in Resources */,
				6180002526C5390400C98095 /* Main.storyboard in Resources */,
			);
			runOnlyForDeploymentPostprocessing = 0;
		};
		6180002E26C5390800C98095 /* Resources */ = {
			isa = PBXResourcesBuildPhase;
			buildActionMask = 2147483647;
			files = (
			);
			runOnlyForDeploymentPostprocessing = 0;
		};
		6180003926C5390800C98095 /* Resources */ = {
			isa = PBXResourcesBuildPhase;
			buildActionMask = 2147483647;
			files = (
			);
			runOnlyForDeploymentPostprocessing = 0;
		};
/* End PBXResourcesBuildPhase section */

/* Begin PBXSourcesBuildPhase section */
		6180001626C5390400C98095 /* Sources */ = {
			isa = PBXSourcesBuildPhase;
			buildActionMask = 2147483647;
			files = (
				6180002226C5390400C98095 /* GoSViewController.swift in Sources */,
				6180001E26C5390400C98095 /* AppDelegate.swift in Sources */,
				6180005726C56E2800C98095 /* Game.swift in Sources */,
				6180002026C5390400C98095 /* SceneDelegate.swift in Sources */,
				6180005526C56DFC00C98095 /* GameState.swift in Sources */,
				6180005326C56DDF00C98095 /* CellModel.swift in Sources */,
				6180005026C5464E00C98095 /* LifePointCollectionViewCell.swift in Sources */,
			);
			runOnlyForDeploymentPostprocessing = 0;
		};
		6180002C26C5390800C98095 /* Sources */ = {
			isa = PBXSourcesBuildPhase;
			buildActionMask = 2147483647;
			files = (
				6180003526C5390800C98095 /* GameOfLife_GoSTests.swift in Sources */,
			);
			runOnlyForDeploymentPostprocessing = 0;
		};
		6180003726C5390800C98095 /* Sources */ = {
			isa = PBXSourcesBuildPhase;
			buildActionMask = 2147483647;
			files = (
				6180004026C5390800C98095 /* GameOfLife_GoSUITests.swift in Sources */,
			);
			runOnlyForDeploymentPostprocessing = 0;
		};
/* End PBXSourcesBuildPhase section */

/* Begin PBXTargetDependency section */
		6180003226C5390800C98095 /* PBXTargetDependency */ = {
			isa = PBXTargetDependency;
			target = 6180001926C5390400C98095 /* GameOfLife-GoS */;
			targetProxy = 6180003126C5390800C98095 /* PBXContainerItemProxy */;
		};
		6180003D26C5390800C98095 /* PBXTargetDependency */ = {
			isa = PBXTargetDependency;
			target = 6180001926C5390400C98095 /* GameOfLife-GoS */;
			targetProxy = 6180003C26C5390800C98095 /* PBXContainerItemProxy */;
		};
/* End PBXTargetDependency section */

/* Begin PBXVariantGroup section */
		6180002326C5390400C98095 /* Main.storyboard */ = {
			isa = PBXVariantGroup;
			children = (
				6180002426C5390400C98095 /* Base */,
			);
			name = Main.storyboard;
			sourceTree = "<group>";
		};
		6180002826C5390700C98095 /* LaunchScreen.storyboard */ = {
			isa = PBXVariantGroup;
			children = (
				6180002926C5390700C98095 /* Base */,
			);
			name = LaunchScreen.storyboard;
			sourceTree = "<group>";
		};
/* End PBXVariantGroup section */

/* Begin XCBuildConfiguration section */
		6180004226C5390800C98095 /* Debug */ = {
			isa = XCBuildConfiguration;
			buildSettings = {
				ALWAYS_SEARCH_USER_PATHS = NO;
				CLANG_ANALYZER_NONNULL = YES;
				CLANG_ANALYZER_NUMBER_OBJECT_CONVERSION = YES_AGGRESSIVE;
				CLANG_CXX_LANGUAGE_STANDARD = "gnu++14";
				CLANG_CXX_LIBRARY = "libc++";
				CLANG_ENABLE_MODULES = YES;
				CLANG_ENABLE_OBJC_ARC = YES;
				CLANG_ENABLE_OBJC_WEAK = YES;
				CLANG_WARN_BLOCK_CAPTURE_AUTORELEASING = YES;
				CLANG_WARN_BOOL_CONVERSION = YES;
				CLANG_WARN_COMMA = YES;
				CLANG_WARN_CONSTANT_CONVERSION = YES;
				CLANG_WARN_DEPRECATED_OBJC_IMPLEMENTATIONS = YES;
				CLANG_WARN_DIRECT_OBJC_ISA_USAGE = YES_ERROR;
				CLANG_WARN_DOCUMENTATION_COMMENTS = YES;
				CLANG_WARN_EMPTY_BODY = YES;
				CLANG_WARN_ENUM_CONVERSION = YES;
				CLANG_WARN_INFINITE_RECURSION = YES;
				CLANG_WARN_INT_CONVERSION = YES;
				CLANG_WARN_NON_LITERAL_NULL_CONVERSION = YES;
				CLANG_WARN_OBJC_IMPLICIT_RETAIN_SELF = YES;
				CLANG_WARN_OBJC_LITERAL_CONVERSION = YES;
				CLANG_WARN_OBJC_ROOT_CLASS = YES_ERROR;
				CLANG_WARN_QUOTED_INCLUDE_IN_FRAMEWORK_HEADER = YES;
				CLANG_WARN_RANGE_LOOP_ANALYSIS = YES;
				CLANG_WARN_STRICT_PROTOTYPES = YES;
				CLANG_WARN_SUSPICIOUS_MOVE = YES;
				CLANG_WARN_UNGUARDED_AVAILABILITY = YES_AGGRESSIVE;
				CLANG_WARN_UNREACHABLE_CODE = YES;
				CLANG_WARN__DUPLICATE_METHOD_MATCH = YES;
				COPY_PHASE_STRIP = NO;
				DEBUG_INFORMATION_FORMAT = dwarf;
				ENABLE_STRICT_OBJC_MSGSEND = YES;
				ENABLE_TESTABILITY = YES;
				GCC_C_LANGUAGE_STANDARD = gnu11;
				GCC_DYNAMIC_NO_PIC = NO;
				GCC_NO_COMMON_BLOCKS = YES;
				GCC_OPTIMIZATION_LEVEL = 0;
				GCC_PREPROCESSOR_DEFINITIONS = (
					"DEBUG=1",
					"$(inherited)",
				);
				GCC_WARN_64_TO_32_BIT_CONVERSION = YES;
				GCC_WARN_ABOUT_RETURN_TYPE = YES_ERROR;
				GCC_WARN_UNDECLARED_SELECTOR = YES;
				GCC_WARN_UNINITIALIZED_AUTOS = YES_AGGRESSIVE;
				GCC_WARN_UNUSED_FUNCTION = YES;
				GCC_WARN_UNUSED_VARIABLE = YES;
				IPHONEOS_DEPLOYMENT_TARGET = 14.5;
				MTL_ENABLE_DEBUG_INFO = INCLUDE_SOURCE;
				MTL_FAST_MATH = YES;
				ONLY_ACTIVE_ARCH = YES;
				SDKROOT = iphoneos;
				SWIFT_ACTIVE_COMPILATION_CONDITIONS = DEBUG;
				SWIFT_OPTIMIZATION_LEVEL = "-Onone";
			};
			name = Debug;
		};
		6180004326C5390800C98095 /* Release */ = {
			isa = XCBuildConfiguration;
			buildSettings = {
				ALWAYS_SEARCH_USER_PATHS = NO;
				CLANG_ANALYZER_NONNULL = YES;
				CLANG_ANALYZER_NUMBER_OBJECT_CONVERSION = YES_AGGRESSIVE;
				CLANG_CXX_LANGUAGE_STANDARD = "gnu++14";
				CLANG_CXX_LIBRARY = "libc++";
				CLANG_ENABLE_MODULES = YES;
				CLANG_ENABLE_OBJC_ARC = YES;
				CLANG_ENABLE_OBJC_WEAK = YES;
				CLANG_WARN_BLOCK_CAPTURE_AUTORELEASING = YES;
				CLANG_WARN_BOOL_CONVERSION = YES;
				CLANG_WARN_COMMA = YES;
				CLANG_WARN_CONSTANT_CONVERSION = YES;
				CLANG_WARN_DEPRECATED_OBJC_IMPLEMENTATIONS = YES;
				CLANG_WARN_DIRECT_OBJC_ISA_USAGE = YES_ERROR;
				CLANG_WARN_DOCUMENTATION_COMMENTS = YES;
				CLANG_WARN_EMPTY_BODY = YES;
				CLANG_WARN_ENUM_CONVERSION = YES;
				CLANG_WARN_INFINITE_RECURSION = YES;
				CLANG_WARN_INT_CONVERSION = YES;
				CLANG_WARN_NON_LITERAL_NULL_CONVERSION = YES;
				CLANG_WARN_OBJC_IMPLICIT_RETAIN_SELF = YES;
				CLANG_WARN_OBJC_LITERAL_CONVERSION = YES;
				CLANG_WARN_OBJC_ROOT_CLASS = YES_ERROR;
				CLANG_WARN_QUOTED_INCLUDE_IN_FRAMEWORK_HEADER = YES;
				CLANG_WARN_RANGE_LOOP_ANALYSIS = YES;
				CLANG_WARN_STRICT_PROTOTYPES = YES;
				CLANG_WARN_SUSPICIOUS_MOVE = YES;
				CLANG_WARN_UNGUARDED_AVAILABILITY = YES_AGGRESSIVE;
				CLANG_WARN_UNREACHABLE_CODE = YES;
				CLANG_WARN__DUPLICATE_METHOD_MATCH = YES;
				COPY_PHASE_STRIP = NO;
				DEBUG_INFORMATION_FORMAT = "dwarf-with-dsym";
				ENABLE_NS_ASSERTIONS = NO;
				ENABLE_STRICT_OBJC_MSGSEND = YES;
				GCC_C_LANGUAGE_STANDARD = gnu11;
				GCC_NO_COMMON_BLOCKS = YES;
				GCC_WARN_64_TO_32_BIT_CONVERSION = YES;
				GCC_WARN_ABOUT_RETURN_TYPE = YES_ERROR;
				GCC_WARN_UNDECLARED_SELECTOR = YES;
				GCC_WARN_UNINITIALIZED_AUTOS = YES_AGGRESSIVE;
				GCC_WARN_UNUSED_FUNCTION = YES;
				GCC_WARN_UNUSED_VARIABLE = YES;
				IPHONEOS_DEPLOYMENT_TARGET = 14.5;
				MTL_ENABLE_DEBUG_INFO = NO;
				MTL_FAST_MATH = YES;
				SDKROOT = iphoneos;
				SWIFT_COMPILATION_MODE = wholemodule;
				SWIFT_OPTIMIZATION_LEVEL = "-O";
				VALIDATE_PRODUCT = YES;
			};
			name = Release;
		};
		6180004526C5390800C98095 /* Debug */ = {
			isa = XCBuildConfiguration;
			buildSettings = {
				ASSETCATALOG_COMPILER_APPICON_NAME = AppIcon;
				ASSETCATALOG_COMPILER_GLOBAL_ACCENT_COLOR_NAME = AccentColor;
				CODE_SIGN_STYLE = Automatic;
				DEVELOPMENT_TEAM = 33MTGHTJ8G;
				INFOPLIST_FILE = "GameOfLife-GoS/Info.plist";
				LD_RUNPATH_SEARCH_PATHS = (
					"$(inherited)",
					"@executable_path/Frameworks",
				);
				PRODUCT_BUNDLE_IDENTIFIER = "com.gameoflife.gos.GameOfLife-GoS";
				PRODUCT_NAME = "$(TARGET_NAME)";
				SWIFT_VERSION = 5.0;
				TARGETED_DEVICE_FAMILY = "1,2";
			};
			name = Debug;
		};
		6180004626C5390800C98095 /* Release */ = {
			isa = XCBuildConfiguration;
			buildSettings = {
				ASSETCATALOG_COMPILER_APPICON_NAME = AppIcon;
				ASSETCATALOG_COMPILER_GLOBAL_ACCENT_COLOR_NAME = AccentColor;
				CODE_SIGN_STYLE = Automatic;
				DEVELOPMENT_TEAM = 33MTGHTJ8G;
				INFOPLIST_FILE = "GameOfLife-GoS/Info.plist";
				LD_RUNPATH_SEARCH_PATHS = (
					"$(inherited)",
					"@executable_path/Frameworks",
				);
				PRODUCT_BUNDLE_IDENTIFIER = "com.gameoflife.gos.GameOfLife-GoS";
				PRODUCT_NAME = "$(TARGET_NAME)";
				SWIFT_VERSION = 5.0;
				TARGETED_DEVICE_FAMILY = "1,2";
			};
			name = Release;
		};
		6180004826C5390800C98095 /* Debug */ = {
			isa = XCBuildConfiguration;
			buildSettings = {
				ALWAYS_EMBED_SWIFT_STANDARD_LIBRARIES = YES;
				BUNDLE_LOADER = "$(TEST_HOST)";
				CODE_SIGN_STYLE = Automatic;
				DEVELOPMENT_TEAM = 33MTGHTJ8G;
				INFOPLIST_FILE = "GameOfLife-GoSTests/Info.plist";
				IPHONEOS_DEPLOYMENT_TARGET = 14.5;
				LD_RUNPATH_SEARCH_PATHS = (
					"$(inherited)",
					"@executable_path/Frameworks",
					"@loader_path/Frameworks",
				);
				PRODUCT_BUNDLE_IDENTIFIER = "com.gameoflife.gos.GameOfLife-GoSTests";
				PRODUCT_NAME = "$(TARGET_NAME)";
				SWIFT_VERSION = 5.0;
				TARGETED_DEVICE_FAMILY = "1,2";
				TEST_HOST = "$(BUILT_PRODUCTS_DIR)/GameOfLife-GoS.app/GameOfLife-GoS";
			};
			name = Debug;
		};
		6180004926C5390800C98095 /* Release */ = {
			isa = XCBuildConfiguration;
			buildSettings = {
				ALWAYS_EMBED_SWIFT_STANDARD_LIBRARIES = YES;
				BUNDLE_LOADER = "$(TEST_HOST)";
				CODE_SIGN_STYLE = Automatic;
				DEVELOPMENT_TEAM = 33MTGHTJ8G;
				INFOPLIST_FILE = "GameOfLife-GoSTests/Info.plist";
				IPHONEOS_DEPLOYMENT_TARGET = 14.5;
				LD_RUNPATH_SEARCH_PATHS = (
					"$(inherited)",
					"@executable_path/Frameworks",
					"@loader_path/Frameworks",
				);
				PRODUCT_BUNDLE_IDENTIFIER = "com.gameoflife.gos.GameOfLife-GoSTests";
				PRODUCT_NAME = "$(TARGET_NAME)";
				SWIFT_VERSION = 5.0;
				TARGETED_DEVICE_FAMILY = "1,2";
				TEST_HOST = "$(BUILT_PRODUCTS_DIR)/GameOfLife-GoS.app/GameOfLife-GoS";
			};
			name = Release;
		};
		6180004B26C5390800C98095 /* Debug */ = {
			isa = XCBuildConfiguration;
			buildSettings = {
				ALWAYS_EMBED_SWIFT_STANDARD_LIBRARIES = YES;
				CODE_SIGN_STYLE = Automatic;
				DEVELOPMENT_TEAM = 33MTGHTJ8G;
				INFOPLIST_FILE = "GameOfLife-GoSUITests/Info.plist";
				LD_RUNPATH_SEARCH_PATHS = (
					"$(inherited)",
					"@executable_path/Frameworks",
					"@loader_path/Frameworks",
				);
				PRODUCT_BUNDLE_IDENTIFIER = "com.gameoflife.gos.GameOfLife-GoSUITests";
				PRODUCT_NAME = "$(TARGET_NAME)";
				SWIFT_VERSION = 5.0;
				TARGETED_DEVICE_FAMILY = "1,2";
				TEST_TARGET_NAME = "GameOfLife-GoS";
			};
			name = Debug;
		};
		6180004C26C5390800C98095 /* Release */ = {
			isa = XCBuildConfiguration;
			buildSettings = {
				ALWAYS_EMBED_SWIFT_STANDARD_LIBRARIES = YES;
				CODE_SIGN_STYLE = Automatic;
				DEVELOPMENT_TEAM = 33MTGHTJ8G;
				INFOPLIST_FILE = "GameOfLife-GoSUITests/Info.plist";
				LD_RUNPATH_SEARCH_PATHS = (
					"$(inherited)",
					"@executable_path/Frameworks",
					"@loader_path/Frameworks",
				);
				PRODUCT_BUNDLE_IDENTIFIER = "com.gameoflife.gos.GameOfLife-GoSUITests";
				PRODUCT_NAME = "$(TARGET_NAME)";
				SWIFT_VERSION = 5.0;
				TARGETED_DEVICE_FAMILY = "1,2";
				TEST_TARGET_NAME = "GameOfLife-GoS";
			};
			name = Release;
		};
/* End XCBuildConfiguration section */

/* Begin XCConfigurationList section */
		6180001526C5390400C98095 /* Build configuration list for PBXProject "GameOfLife-GoS" */ = {
			isa = XCConfigurationList;
			buildConfigurations = (
				6180004226C5390800C98095 /* Debug */,
				6180004326C5390800C98095 /* Release */,
			);
			defaultConfigurationIsVisible = 0;
			defaultConfigurationName = Release;
		};
		6180004426C5390800C98095 /* Build configuration list for PBXNativeTarget "GameOfLife-GoS" */ = {
			isa = XCConfigurationList;
			buildConfigurations = (
				6180004526C5390800C98095 /* Debug */,
				6180004626C5390800C98095 /* Release */,
			);
			defaultConfigurationIsVisible = 0;
			defaultConfigurationName = Release;
		};
		6180004726C5390800C98095 /* Build configuration list for PBXNativeTarget "GameOfLife-GoSTests" */ = {
			isa = XCConfigurationList;
			buildConfigurations = (
				6180004826C5390800C98095 /* Debug */,
				6180004926C5390800C98095 /* Release */,
			);
			defaultConfigurationIsVisible = 0;
			defaultConfigurationName = Release;
		};
		6180004A26C5390800C98095 /* Build configuration list for PBXNativeTarget "GameOfLife-GoSUITests" */ = {
			isa = XCConfigurationList;
			buildConfigurations = (
				6180004B26C5390800C98095 /* Debug */,
				6180004C26C5390800C98095 /* Release */,
			);
			defaultConfigurationIsVisible = 0;
			defaultConfigurationName = Release;
		};
/* End XCConfigurationList section */
	};
	rootObject = 6180001226C5390400C98095 /* Project object */;
}
